{
    "_readme": [
        "This file locks the dependencies of your project to a known state",
        "Read more about it at http://getcomposer.org/doc/01-basic-usage.md#composer-lock-the-lock-file",
        "This file is @generated automatically"
    ],
    "hash": "6068eea8bb920a111f18a2c84dd8735e",
    "packages": [
        {
            "name": "adammbalogh/key-value-store",
            "version": "0.2.1",
            "source": {
                "type": "git",
                "url": "https://github.com/adammbalogh/key-value-store.git",
                "reference": "49f57eb1f8e5f9f6e7393149150375b9005f21b6"
            },
            "dist": {
                "type": "zip",
                "url": "https://api.github.com/repos/adammbalogh/key-value-store/zipball/49f57eb1f8e5f9f6e7393149150375b9005f21b6",
                "reference": "49f57eb1f8e5f9f6e7393149150375b9005f21b6",
                "shasum": ""
            },
            "require": {
                "php": ">=5.4.0"
            },
            "require-dev": {
                "phpmd/phpmd": "~2.1",
                "phpunit/phpunit": "~4.2.5",
                "satooshi/php-coveralls": "dev-master",
                "squizlabs/php_codesniffer": "~1.5"
            },
            "suggest": {
                "adammbalogh/key-value-store-file": "For using File storage",
                "adammbalogh/key-value-store-redis": "For using Redis storage"
            },
            "type": "library",
            "autoload": {
                "psr-4": {
                    "AdammBalogh\\KeyValueStore\\": "src"
                }
            },
            "notification-url": "https://packagist.org/downloads/",
            "license": [
                "MIT"
            ],
            "authors": [
                {
                    "name": "Adam Balogh",
                    "email": "baloghbh@gmail.com",
                    "homepage": "http://code-chronicle.blogspot.com",
                    "role": "Developer"
                }
            ],
            "description": "Key-value store generic package. It contains abstractions.",
            "keywords": [
                "key",
                "key-value",
                "nosql",
                "store",
                "value"
            ],
            "time": "2014-09-25 18:24:34"
        },
        {
            "name": "predis/predis",
            "version": "v1.0.0",
            "source": {
                "type": "git",
                "url": "https://github.com/nrk/predis.git",
                "reference": "d4be306d0aca28b5633b96adef03b29fea569c2f"
            },
            "dist": {
                "type": "zip",
                "url": "https://api.github.com/repos/nrk/predis/zipball/d4be306d0aca28b5633b96adef03b29fea569c2f",
                "reference": "d4be306d0aca28b5633b96adef03b29fea569c2f",
                "shasum": ""
            },
            "require": {
                "php": ">=5.3.2"
            },
            "require-dev": {
                "phpunit/phpunit": "~4.0"
            },
            "suggest": {
                "ext-curl": "Allows access to Webdis when paired with phpiredis",
                "ext-phpiredis": "Allows faster serialization and deserialization of the Redis protocol"
            },
            "type": "library",
            "extra": {
                "branch-alias": {
                    "dev-master": "1.0-dev"
                }
            },
            "autoload": {
                "psr-4": {
                    "Predis\\": "src/"
                }
            },
            "notification-url": "https://packagist.org/downloads/",
            "license": [
                "MIT"
            ],
            "authors": [
                {
                    "name": "Daniele Alessandri",
                    "email": "suppakilla@gmail.com",
                    "homepage": "http://clorophilla.net"
                }
            ],
            "description": "Flexible and feature-complete PHP client library for Redis",
            "homepage": "http://github.com/nrk/predis",
            "keywords": [
                "nosql",
                "predis",
                "redis"
            ],
            "time": "2014-08-01 09:59:50"
        }
    ],
    "packages-dev": [
        {
            "name": "squizlabs/php_codesniffer",
            "version": "1.5.4",
            "source": {
                "type": "git",
                "url": "https://github.com/squizlabs/PHP_CodeSniffer.git",
                "reference": "4097e2c106e4a32bc234ae880e5585a19137e435"
            },
            "dist": {
                "type": "zip",
                "url": "https://api.github.com/repos/squizlabs/PHP_CodeSniffer/zipball/4097e2c106e4a32bc234ae880e5585a19137e435",
                "reference": "4097e2c106e4a32bc234ae880e5585a19137e435",
                "shasum": ""
            },
            "require": {
                "ext-tokenizer": "*",
                "php": ">=5.1.2"
            },
            "suggest": {
                "phpunit/php-timer": "dev-master"
            },
            "bin": [
                "scripts/phpcs"
            ],
            "type": "library",
            "extra": {
                "branch-alias": {
                    "dev-phpcs-fixer": "2.0.x-dev"
                }
            },
            "autoload": {
                "classmap": [
                    "CodeSniffer.php",
                    "CodeSniffer/CLI.php",
                    "CodeSniffer/Exception.php",
                    "CodeSniffer/File.php",
                    "CodeSniffer/Report.php",
                    "CodeSniffer/Reporting.php",
                    "CodeSniffer/Sniff.php",
                    "CodeSniffer/Tokens.php",
                    "CodeSniffer/Reports/",
                    "CodeSniffer/CommentParser/",
                    "CodeSniffer/Tokenizers/",
                    "CodeSniffer/DocGenerators/",
                    "CodeSniffer/Standards/AbstractPatternSniff.php",
                    "CodeSniffer/Standards/AbstractScopeSniff.php",
                    "CodeSniffer/Standards/AbstractVariableSniff.php",
                    "CodeSniffer/Standards/IncorrectPatternException.php",
                    "CodeSniffer/Standards/Generic/Sniffs/",
                    "CodeSniffer/Standards/MySource/Sniffs/",
                    "CodeSniffer/Standards/PEAR/Sniffs/",
                    "CodeSniffer/Standards/PSR1/Sniffs/",
                    "CodeSniffer/Standards/PSR2/Sniffs/",
                    "CodeSniffer/Standards/Squiz/Sniffs/",
                    "CodeSniffer/Standards/Zend/Sniffs/"
                ]
            },
            "notification-url": "https://packagist.org/downloads/",
            "license": [
                "BSD-3-Clause"
            ],
            "authors": [
                {
                    "name": "Greg Sherwood",
                    "role": "lead"
                }
            ],
            "description": "PHP_CodeSniffer tokenises PHP, JavaScript and CSS files and detects violations of a defined set of coding standards.",
            "homepage": "http://www.squizlabs.com/php-codesniffer",
            "keywords": [
                "phpcs",
                "standards"
            ],
            "time": "2014-08-05 23:54:05"
        }
    ],
    "aliases": [

    ],
    "minimum-stability": "stable",
    "stability-flags": [

    ],
    "prefer-stable": false,
    "platform": {
        "php": ">=5.4.0"
    },
    "platform-dev": [

    ]
}
